
Microsoft Visual Studio Solution File, Format Version 12.00
# Visual Studio Version 16
VisualStudioVersion = 16.0.30907.101
MinimumVisualStudioVersion = 10.0.40219.1
Project("{9A19103F-16F7-4668-BE54-9A1E7A4F7556}") = "ClassIntro", "ClassIntro\ClassIntro.csproj", "{D9D3B3E6-AA7E-48FD-A511-88A2510E0767}"
EndProject
Project("{9A19103F-16F7-4668-BE54-9A1E7A4F7556}") = "DegerVeReferansTipler", "DegerVeReferansTipler\DegerVeReferansTipler.csproj", "{B7FE2E62-E105-427F-8420-DF55A5E45464}"
EndProject
Project("{9A19103F-16F7-4668-BE54-9A1E7A4F7556}") = "Donguler", "Donguler\Donguler.csproj", "{E2A0F09F-6A84-46D0-A8C6-934277412985}"
EndProject
Project("{9A19103F-16F7-4668-BE54-9A1E7A4F7556}") = "KampIntro", "KampIntro\KampIntro.csproj", "{57353CB0-9664-4CB7-A285-475F61BA4AB3}"
EndProject
Project("{9A19103F-16F7-4668-BE54-9A1E7A4F7556}") = "Matematik", "Matematik\Matematik.csproj", "{F4262ED4-1A9A-43B6-9B8C-F9F3F031FBD3}"
EndProject
Project("{9A19103F-16F7-4668-BE54-9A1E7A4F7556}") = "Metotlar", "Metotlar\Metotlar.csproj", "{F50ECDA8-FA1C-4B00-A3EB-37AD4E1B441F}"
EndProject
Project("{9A19103F-16F7-4668-BE54-9A1E7A4F7556}") = "OOP1", "OOP1\OOP1.csproj", "{6DEA7BF3-64E3-4C99-A402-D162F9DBD030}"
EndProject
Project("{9A19103F-16F7-4668-BE54-9A1E7A4F7556}") = "Koleksiyonlar", "Koleksiyonlar\Koleksiyonlar.csproj", "{25FAC773-53A7-4124-A08C-75E227F0BFEC}"
EndProject
Project("{9A19103F-16F7-4668-BE54-9A1E7A4F7556}") = "GenericsIntro", "GenericsIntro\GenericsIntro.csproj", "{384B20FF-F07C-4A2C-865C-B0EE3F224829}"
EndProject
Project("{9A19103F-16F7-4668-BE54-9A1E7A4F7556}") = "ReferenceTypes", "ReferenceTypes\ReferenceTypes.csproj", "{6D3CBA9D-5A4F-43F7-82B9-BFB851DA687B}"
EndProject
Project("{9A19103F-16F7-4668-BE54-9A1E7A4F7556}") = "Constructors", "Constructors\Constructors.csproj", "{3F572663-B624-472F-814B-1D0F77862D8C}"
EndProject
Project("{9A19103F-16F7-4668-BE54-9A1E7A4F7556}") = "Generics", "Generics\Generics.csproj", "{E851DB0E-5ACD-43B3-8987-AEF35183FFA3}"
EndProject
Project("{9A19103F-16F7-4668-BE54-9A1E7A4F7556}") = "DictionaryKamp", "Dictionary\DictionaryKamp.csproj", "{61D06071-E6EE-48AE-A203-19747DD50D91}"
EndProject
Project("{9A19103F-16F7-4668-BE54-9A1E7A4F7556}") = "MyListWithDictionaryQuestion5", "MyListWithDictionaryQuestion5\MyListWithDictionaryQuestion5.csproj", "{9C43F26E-AA24-404F-8D0B-AC499C5C019F}"
EndProject
Project("{FAE04EC0-301F-11D3-BF4B-00C04F79EFBC}") = "RecapDemo0", "RecapDemo0\RecapDemo0.csproj", "{3E2DF2A5-1A8E-4514-9891-9D752177E2FD}"
EndProject
Project("{FAE04EC0-301F-11D3-BF4B-00C04F79EFBC}") = "Oop2", "Oop2\Oop2.csproj", "{5FBB5490-4527-40AB-BEF4-58408C547691}"
EndProject
Project("{FAE04EC0-301F-11D3-BF4B-00C04F79EFBC}") = "OOP3", "OOP3\OOP3.csproj", "{94E7D91B-1C11-4840-B915-36B0437B823A}"
EndProject
Global
	GlobalSection(SolutionConfigurationPlatforms) = preSolution
		Debug|Any CPU = Debug|Any CPU
		Release|Any CPU = Release|Any CPU
	EndGlobalSection
	GlobalSection(ProjectConfigurationPlatforms) = postSolution
		{D9D3B3E6-AA7E-48FD-A511-88A2510E0767}.Debug|Any CPU.ActiveCfg = Debug|Any CPU
		{D9D3B3E6-AA7E-48FD-A511-88A2510E0767}.Debug|Any CPU.Build.0 = Debug|Any CPU
		{D9D3B3E6-AA7E-48FD-A511-88A2510E0767}.Release|Any CPU.ActiveCfg = Release|Any CPU
		{D9D3B3E6-AA7E-48FD-A511-88A2510E0767}.Release|Any CPU.Build.0 = Release|Any CPU
		{B7FE2E62-E105-427F-8420-DF55A5E45464}.Debug|Any CPU.ActiveCfg = Debug|Any CPU
		{B7FE2E62-E105-427F-8420-DF55A5E45464}.Debug|Any CPU.Build.0 = Debug|Any CPU
		{B7FE2E62-E105-427F-8420-DF55A5E45464}.Release|Any CPU.ActiveCfg = Release|Any CPU
		{B7FE2E62-E105-427F-8420-DF55A5E45464}.Release|Any CPU.Build.0 = Release|Any CPU
		{E2A0F09F-6A84-46D0-A8C6-934277412985}.Debug|Any CPU.ActiveCfg = Debug|Any CPU
		{E2A0F09F-6A84-46D0-A8C6-934277412985}.Debug|Any CPU.Build.0 = Debug|Any CPU
		{E2A0F09F-6A84-46D0-A8C6-934277412985}.Release|Any CPU.ActiveCfg = Release|Any CPU
		{E2A0F09F-6A84-46D0-A8C6-934277412985}.Release|Any CPU.Build.0 = Release|Any CPU
		{57353CB0-9664-4CB7-A285-475F61BA4AB3}.Debug|Any CPU.ActiveCfg = Debug|Any CPU
		{57353CB0-9664-4CB7-A285-475F61BA4AB3}.Debug|Any CPU.Build.0 = Debug|Any CPU
		{57353CB0-9664-4CB7-A285-475F61BA4AB3}.Release|Any CPU.ActiveCfg = Release|Any CPU
		{57353CB0-9664-4CB7-A285-475F61BA4AB3}.Release|Any CPU.Build.0 = Release|Any CPU
		{F4262ED4-1A9A-43B6-9B8C-F9F3F031FBD3}.Debug|Any CPU.ActiveCfg = Debug|Any CPU
		{F4262ED4-1A9A-43B6-9B8C-F9F3F031FBD3}.Debug|Any CPU.Build.0 = Debug|Any CPU
		{F4262ED4-1A9A-43B6-9B8C-F9F3F031FBD3}.Release|Any CPU.ActiveCfg = Release|Any CPU
		{F4262ED4-1A9A-43B6-9B8C-F9F3F031FBD3}.Release|Any CPU.Build.0 = Release|Any CPU
		{F50ECDA8-FA1C-4B00-A3EB-37AD4E1B441F}.Debug|Any CPU.ActiveCfg = Debug|Any CPU
		{F50ECDA8-FA1C-4B00-A3EB-37AD4E1B441F}.Debug|Any CPU.Build.0 = Debug|Any CPU
		{F50ECDA8-FA1C-4B00-A3EB-37AD4E1B441F}.Release|Any CPU.ActiveCfg = Release|Any CPU
		{F50ECDA8-FA1C-4B00-A3EB-37AD4E1B441F}.Release|Any CPU.Build.0 = Release|Any CPU
		{6DEA7BF3-64E3-4C99-A402-D162F9DBD030}.Debug|Any CPU.ActiveCfg = Debug|Any CPU
		{6DEA7BF3-64E3-4C99-A402-D162F9DBD030}.Debug|Any CPU.Build.0 = Debug|Any CPU
		{6DEA7BF3-64E3-4C99-A402-D162F9DBD030}.Release|Any CPU.ActiveCfg = Release|Any CPU
		{6DEA7BF3-64E3-4C99-A402-D162F9DBD030}.Release|Any CPU.Build.0 = Release|Any CPU
		{25FAC773-53A7-4124-A08C-75E227F0BFEC}.Debug|Any CPU.ActiveCfg = Debug|Any CPU
		{25FAC773-53A7-4124-A08C-75E227F0BFEC}.Debug|Any CPU.Build.0 = Debug|Any CPU
		{25FAC773-53A7-4124-A08C-75E227F0BFEC}.Release|Any CPU.ActiveCfg = Release|Any CPU
		{25FAC773-53A7-4124-A08C-75E227F0BFEC}.Release|Any CPU.Build.0 = Release|Any CPU
		{384B20FF-F07C-4A2C-865C-B0EE3F224829}.Debug|Any CPU.ActiveCfg = Debug|Any CPU
		{384B20FF-F07C-4A2C-865C-B0EE3F224829}.Debug|Any CPU.Build.0 = Debug|Any CPU
		{384B20FF-F07C-4A2C-865C-B0EE3F224829}.Release|Any CPU.ActiveCfg = Release|Any CPU
		{384B20FF-F07C-4A2C-865C-B0EE3F224829}.Release|Any CPU.Build.0 = Release|Any CPU
		{6D3CBA9D-5A4F-43F7-82B9-BFB851DA687B}.Debug|Any CPU.ActiveCfg = Debug|Any CPU
		{6D3CBA9D-5A4F-43F7-82B9-BFB851DA687B}.Debug|Any CPU.Build.0 = Debug|Any CPU
		{6D3CBA9D-5A4F-43F7-82B9-BFB851DA687B}.Release|Any CPU.ActiveCfg = Release|Any CPU
		{6D3CBA9D-5A4F-43F7-82B9-BFB851DA687B}.Release|Any CPU.Build.0 = Release|Any CPU
		{3F572663-B624-472F-814B-1D0F77862D8C}.Debug|Any CPU.ActiveCfg = Debug|Any CPU
		{3F572663-B624-472F-814B-1D0F77862D8C}.Debug|Any CPU.Build.0 = Debug|Any CPU
		{3F572663-B624-472F-814B-1D0F77862D8C}.Release|Any CPU.ActiveCfg = Release|Any CPU
		{3F572663-B624-472F-814B-1D0F77862D8C}.Release|Any CPU.Build.0 = Release|Any CPU
		{E851DB0E-5ACD-43B3-8987-AEF35183FFA3}.Debug|Any CPU.ActiveCfg = Debug|Any CPU
		{E851DB0E-5ACD-43B3-8987-AEF35183FFA3}.Debug|Any CPU.Build.0 = Debug|Any CPU
		{E851DB0E-5ACD-43B3-8987-AEF35183FFA3}.Release|Any CPU.ActiveCfg = Release|Any CPU
		{E851DB0E-5ACD-43B3-8987-AEF35183FFA3}.Release|Any CPU.Build.0 = Release|Any CPU
		{61D06071-E6EE-48AE-A203-19747DD50D91}.Debug|Any CPU.ActiveCfg = Debug|Any CPU
		{61D06071-E6EE-48AE-A203-19747DD50D91}.Debug|Any CPU.Build.0 = Debug|Any CPU
		{61D06071-E6EE-48AE-A203-19747DD50D91}.Release|Any CPU.ActiveCfg = Release|Any CPU
		{61D06071-E6EE-48AE-A203-19747DD50D91}.Release|Any CPU.Build.0 = Release|Any CPU
		{9C43F26E-AA24-404F-8D0B-AC499C5C019F}.Debug|Any CPU.ActiveCfg = Debug|Any CPU
		{9C43F26E-AA24-404F-8D0B-AC499C5C019F}.Debug|Any CPU.Build.0 = Debug|Any CPU
		{9C43F26E-AA24-404F-8D0B-AC499C5C019F}.Release|Any CPU.ActiveCfg = Release|Any CPU
		{9C43F26E-AA24-404F-8D0B-AC499C5C019F}.Release|Any CPU.Build.0 = Release|Any CPU
		{3E2DF2A5-1A8E-4514-9891-9D752177E2FD}.Debug|Any CPU.ActiveCfg = Debug|Any CPU
		{3E2DF2A5-1A8E-4514-9891-9D752177E2FD}.Debug|Any CPU.Build.0 = Debug|Any CPU
		{3E2DF2A5-1A8E-4514-9891-9D752177E2FD}.Release|Any CPU.ActiveCfg = Release|Any CPU
		{3E2DF2A5-1A8E-4514-9891-9D752177E2FD}.Release|Any CPU.Build.0 = Release|Any CPU
		{5FBB5490-4527-40AB-BEF4-58408C547691}.Debug|Any CPU.ActiveCfg = Debug|Any CPU
		{5FBB5490-4527-40AB-BEF4-58408C547691}.Debug|Any CPU.Build.0 = Debug|Any CPU
		{5FBB5490-4527-40AB-BEF4-58408C547691}.Release|Any CPU.ActiveCfg = Release|Any CPU
		{5FBB5490-4527-40AB-BEF4-58408C547691}.Release|Any CPU.Build.0 = Release|Any CPU
		{94E7D91B-1C11-4840-B915-36B0437B823A}.Debug|Any CPU.ActiveCfg = Debug|Any CPU
		{94E7D91B-1C11-4840-B915-36B0437B823A}.Debug|Any CPU.Build.0 = Debug|Any CPU
		{94E7D91B-1C11-4840-B915-36B0437B823A}.Release|Any CPU.ActiveCfg = Release|Any CPU
		{94E7D91B-1C11-4840-B915-36B0437B823A}.Release|Any CPU.Build.0 = Release|Any CPU
	EndGlobalSection
	GlobalSection(SolutionProperties) = preSolution
		HideSolutionNode = FALSE
	EndGlobalSection
	GlobalSection(ExtensibilityGlobals) = postSolution
		SolutionGuid = {03B5A1C9-0970-4AEF-AEDA-05900D172B1C}
	EndGlobalSection
EndGlobal
